
Microsoft Visual Studio Solution File, Format Version 12.00
# Visual Studio 15
VisualStudioVersion = 15.0.28307.136
MinimumVisualStudioVersion = 10.0.40219.1
Project("{FAE04EC0-301F-11D3-BF4B-00C04F79EFBC}") = "5.2.2 - SortingGrades extended", "5.2.2 - SortingGrades extended.csproj", "{EC35AC42-E1BD-4843-9E63-D7D88BE58F2C}"
EndProject
Global
	GlobalSection(SolutionConfigurationPlatforms) = preSolution
		Debug|Any CPU = Debug|Any CPU
		Release|Any CPU = Release|Any CPU
	EndGlobalSection
	GlobalSection(ProjectConfigurationPlatforms) = postSolution
		{EC35AC42-E1BD-4843-9E63-D7D88BE58F2C}.Debug|Any CPU.ActiveCfg = Debug|Any CPU
		{EC35AC42-E1BD-4843-9E63-D7D88BE58F2C}.Debug|Any CPU.Build.0 = Debug|Any CPU
		{EC35AC42-E1BD-4843-9E63-D7D88BE58F2C}.Release|Any CPU.ActiveCfg = Release|Any CPU
		{EC35AC42-E1BD-4843-9E63-D7D88BE58F2C}.Release|Any CPU.Build.0 = Release|Any CPU
	EndGlobalSection
	GlobalSection(SolutionProperties) = preSolution
		HideSolutionNode = FALSE
	EndGlobalSection
	GlobalSection(ExtensibilityGlobals) = postSolution
		SolutionGuid = {53CDB7C0-3EAF-4A92-9335-9B5F4B6E7AC1}
	EndGlobalSection
EndGlobal
