
Microsoft Visual Studio Solution File, Format Version 12.00
# Visual Studio 15
VisualStudioVersion = 15.0.28307.136
MinimumVisualStudioVersion = 10.0.40219.1
Project("{FAE04EC0-301F-11D3-BF4B-00C04F79EFBC}") = "4.2.1 - Regex", "4.2.1 - Regex.csproj", "{BCC736FC-A99C-438E-9280-093CCDA93645}"
EndProject
Global
	GlobalSection(SolutionConfigurationPlatforms) = preSolution
		Debug|Any CPU = Debug|Any CPU
		Release|Any CPU = Release|Any CPU
	EndGlobalSection
	GlobalSection(ProjectConfigurationPlatforms) = postSolution
		{BCC736FC-A99C-438E-9280-093CCDA93645}.Debug|Any CPU.ActiveCfg = Debug|Any CPU
		{BCC736FC-A99C-438E-9280-093CCDA93645}.Debug|Any CPU.Build.0 = Debug|Any CPU
		{BCC736FC-A99C-438E-9280-093CCDA93645}.Release|Any CPU.ActiveCfg = Release|Any CPU
		{BCC736FC-A99C-438E-9280-093CCDA93645}.Release|Any CPU.Build.0 = Release|Any CPU
	EndGlobalSection
	GlobalSection(SolutionProperties) = preSolution
		HideSolutionNode = FALSE
	EndGlobalSection
	GlobalSection(ExtensibilityGlobals) = postSolution
		SolutionGuid = {9C25D62A-DBD1-435C-AAB0-A91E9D2103F3}
	EndGlobalSection
EndGlobal
