
Microsoft Visual Studio Solution File, Format Version 12.00
# Visual Studio 15
VisualStudioVersion = 15.0.28307.572
MinimumVisualStudioVersion = 10.0.40219.1
Project("{FAE04EC0-301F-11D3-BF4B-00C04F79EFBC}") = "assignment 1", "assignment 1\assignment 1.csproj", "{AEBC8413-823E-4213-8813-7A1B33DDBC74}"
EndProject
Global
	GlobalSection(SolutionConfigurationPlatforms) = preSolution
		Debug|Any CPU = Debug|Any CPU
		Release|Any CPU = Release|Any CPU
	EndGlobalSection
	GlobalSection(ProjectConfigurationPlatforms) = postSolution
		{AEBC8413-823E-4213-8813-7A1B33DDBC74}.Debug|Any CPU.ActiveCfg = Debug|Any CPU
		{AEBC8413-823E-4213-8813-7A1B33DDBC74}.Debug|Any CPU.Build.0 = Debug|Any CPU
		{AEBC8413-823E-4213-8813-7A1B33DDBC74}.Release|Any CPU.ActiveCfg = Release|Any CPU
		{AEBC8413-823E-4213-8813-7A1B33DDBC74}.Release|Any CPU.Build.0 = Release|Any CPU
	EndGlobalSection
	GlobalSection(SolutionProperties) = preSolution
		HideSolutionNode = FALSE
	EndGlobalSection
	GlobalSection(ExtensibilityGlobals) = postSolution
		SolutionGuid = {C6AED446-DDBE-4493-957D-B5F46CEFE3DF}
	EndGlobalSection
EndGlobal
