
Microsoft Visual Studio Solution File, Format Version 12.00
# Visual Studio 15
VisualStudioVersion = 15.0.28307.136
MinimumVisualStudioVersion = 10.0.40219.1
Project("{FAE04EC0-301F-11D3-BF4B-00C04F79EFBC}") = "4.2.5 - FindAndReplace", "4.2.5 - FindAndReplace.csproj", "{4F98E0D3-A83B-41AE-A98B-3AFC87026709}"
EndProject
Global
	GlobalSection(SolutionConfigurationPlatforms) = preSolution
		Debug|Any CPU = Debug|Any CPU
		Release|Any CPU = Release|Any CPU
	EndGlobalSection
	GlobalSection(ProjectConfigurationPlatforms) = postSolution
		{4F98E0D3-A83B-41AE-A98B-3AFC87026709}.Debug|Any CPU.ActiveCfg = Debug|Any CPU
		{4F98E0D3-A83B-41AE-A98B-3AFC87026709}.Debug|Any CPU.Build.0 = Debug|Any CPU
		{4F98E0D3-A83B-41AE-A98B-3AFC87026709}.Release|Any CPU.ActiveCfg = Release|Any CPU
		{4F98E0D3-A83B-41AE-A98B-3AFC87026709}.Release|Any CPU.Build.0 = Release|Any CPU
	EndGlobalSection
	GlobalSection(SolutionProperties) = preSolution
		HideSolutionNode = FALSE
	EndGlobalSection
	GlobalSection(ExtensibilityGlobals) = postSolution
		SolutionGuid = {224666C3-3F89-451E-A9CE-200344742FA9}
	EndGlobalSection
EndGlobal
